// !$*UTF8*$!
{
	archiveVersion = 1;
	classes = {
	};
	objectVersion = 50;
	objects = {

/* Begin PBXBuildFile section */
		FA7CEDEC21B663990094AFAF /* AppDelegate.swift in Sources */ = {isa = PBXBuildFile; fileRef = FA7CEDEB21B663990094AFAF /* AppDelegate.swift */; };
		FA7CEDF121B663990094AFAF /* Main.storyboard in Resources */ = {isa = PBXBuildFile; fileRef = FA7CEDEF21B663990094AFAF /* Main.storyboard */; };
		FA7CEDF321B663990094AFAF /* Assets.xcassets in Resources */ = {isa = PBXBuildFile; fileRef = FA7CEDF221B663990094AFAF /* Assets.xcassets */; };
		FA7CEDF621B663990094AFAF /* LaunchScreen.storyboard in Resources */ = {isa = PBXBuildFile; fileRef = FA7CEDF421B663990094AFAF /* LaunchScreen.storyboard */; };
		FA7CEE0121B663990094AFAF /* FileStorageServicesTests.swift in Sources */ = {isa = PBXBuildFile; fileRef = FA7CEE0021B663990094AFAF /* FileStorageServicesTests.swift */; };
		FA7CEE0C21B663990094AFAF /* FileStorageServicesUITests.swift in Sources */ = {isa = PBXBuildFile; fileRef = FA7CEE0B21B663990094AFAF /* FileStorageServicesUITests.swift */; };
		FA7CEE1A21B8C1FE0094AFAF /* CreateFileViewController.swift in Sources */ = {isa = PBXBuildFile; fileRef = FA7CEE1921B8C1FE0094AFAF /* CreateFileViewController.swift */; };
		FA7CEE1E21B8C64D0094AFAF /* StoredFilesTableViewController.swift in Sources */ = {isa = PBXBuildFile; fileRef = FA7CEE1D21B8C64D0094AFAF /* StoredFilesTableViewController.swift */; };
		FA7CEE2221B91C0C0094AFAF /* CloudKit.framework in Frameworks */ = {isa = PBXBuildFile; fileRef = FA7CEE2121B91C0C0094AFAF /* CloudKit.framework */; };
/* End PBXBuildFile section */

/* Begin PBXContainerItemProxy section */
		FA7CEDFD21B663990094AFAF /* PBXContainerItemProxy */ = {
			isa = PBXContainerItemProxy;
			containerPortal = FA7CEDE021B663990094AFAF /* Project object */;
			proxyType = 1;
			remoteGlobalIDString = FA7CEDE721B663990094AFAF;
			remoteInfo = FileStorageServices;
		};
		FA7CEE0821B663990094AFAF /* PBXContainerItemProxy */ = {
			isa = PBXContainerItemProxy;
			containerPortal = FA7CEDE021B663990094AFAF /* Project object */;
			proxyType = 1;
			remoteGlobalIDString = FA7CEDE721B663990094AFAF;
			remoteInfo = FileStorageServices;
		};
/* End PBXContainerItemProxy section */

/* Begin PBXFileReference section */
		FA7CEDE821B663990094AFAF /* FileStorageServices.app */ = {isa = PBXFileReference; explicitFileType = wrapper.application; includeInIndex = 0; path = FileStorageServices.app; sourceTree = BUILT_PRODUCTS_DIR; };
		FA7CEDEB21B663990094AFAF /* AppDelegate.swift */ = {isa = PBXFileReference; lastKnownFileType = sourcecode.swift; path = AppDelegate.swift; sourceTree = "<group>"; };
		FA7CEDF021B663990094AFAF /* Base */ = {isa = PBXFileReference; lastKnownFileType = file.storyboard; name = Base; path = Base.lproj/Main.storyboard; sourceTree = "<group>"; };
		FA7CEDF221B663990094AFAF /* Assets.xcassets */ = {isa = PBXFileReference; lastKnownFileType = folder.assetcatalog; path = Assets.xcassets; sourceTree = "<group>"; };
		FA7CEDF521B663990094AFAF /* Base */ = {isa = PBXFileReference; lastKnownFileType = file.storyboard; name = Base; path = Base.lproj/LaunchScreen.storyboard; sourceTree = "<group>"; };
		FA7CEDF721B663990094AFAF /* Info.plist */ = {isa = PBXFileReference; lastKnownFileType = text.plist.xml; path = Info.plist; sourceTree = "<group>"; };
		FA7CEDFC21B663990094AFAF /* FileStorageServicesTests.xctest */ = {isa = PBXFileReference; explicitFileType = wrapper.cfbundle; includeInIndex = 0; path = FileStorageServicesTests.xctest; sourceTree = BUILT_PRODUCTS_DIR; };
		FA7CEE0021B663990094AFAF /* FileStorageServicesTests.swift */ = {isa = PBXFileReference; lastKnownFileType = sourcecode.swift; path = FileStorageServicesTests.swift; sourceTree = "<group>"; };
		FA7CEE0221B663990094AFAF /* Info.plist */ = {isa = PBXFileReference; lastKnownFileType = text.plist.xml; path = Info.plist; sourceTree = "<group>"; };
		FA7CEE0721B663990094AFAF /* FileStorageServicesUITests.xctest */ = {isa = PBXFileReference; explicitFileType = wrapper.cfbundle; includeInIndex = 0; path = FileStorageServicesUITests.xctest; sourceTree = BUILT_PRODUCTS_DIR; };
		FA7CEE0B21B663990094AFAF /* FileStorageServicesUITests.swift */ = {isa = PBXFileReference; lastKnownFileType = sourcecode.swift; path = FileStorageServicesUITests.swift; sourceTree = "<group>"; };
		FA7CEE0D21B663990094AFAF /* Info.plist */ = {isa = PBXFileReference; lastKnownFileType = text.plist.xml; path = Info.plist; sourceTree = "<group>"; };
		FA7CEE1921B8C1FE0094AFAF /* CreateFileViewController.swift */ = {isa = PBXFileReference; lastKnownFileType = sourcecode.swift; path = CreateFileViewController.swift; sourceTree = "<group>"; };
		FA7CEE1D21B8C64D0094AFAF /* StoredFilesTableViewController.swift */ = {isa = PBXFileReference; lastKnownFileType = sourcecode.swift; path = StoredFilesTableViewController.swift; sourceTree = "<group>"; };
		FA7CEE1F21B8F90C0094AFAF /* FileStorageServices.entitlements */ = {isa = PBXFileReference; lastKnownFileType = text.plist.entitlements; path = FileStorageServices.entitlements; sourceTree = "<group>"; };
		FA7CEE2121B91C0C0094AFAF /* CloudKit.framework */ = {isa = PBXFileReference; lastKnownFileType = wrapper.framework; name = CloudKit.framework; path = System/Library/Frameworks/CloudKit.framework; sourceTree = SDKROOT; };
/* End PBXFileReference section */

/* Begin PBXFrameworksBuildPhase section */
		FA7CEDE521B663990094AFAF /* Frameworks */ = {
			isa = PBXFrameworksBuildPhase;
			buildActionMask = 2147483647;
			files = (
				FA7CEE2221B91C0C0094AFAF /* CloudKit.framework in Frameworks */,
			);
			runOnlyForDeploymentPostprocessing = 0;
		};
		FA7CEDF921B663990094AFAF /* Frameworks */ = {
			isa = PBXFrameworksBuildPhase;
			buildActionMask = 2147483647;
			files = (
			);
			runOnlyForDeploymentPostprocessing = 0;
		};
		FA7CEE0421B663990094AFAF /* Frameworks */ = {
			isa = PBXFrameworksBuildPhase;
			buildActionMask = 2147483647;
			files = (
			);
			runOnlyForDeploymentPostprocessing = 0;
		};
/* End PBXFrameworksBuildPhase section */

/* Begin PBXGroup section */
		FA7CEDDF21B663990094AFAF = {
			isa = PBXGroup;
			children = (
				FA7CEDEA21B663990094AFAF /* FileStorageServices */,
				FA7CEDFF21B663990094AFAF /* FileStorageServicesTests */,
				FA7CEE0A21B663990094AFAF /* FileStorageServicesUITests */,
				FA7CEDE921B663990094AFAF /* Products */,
				FA7CEE2021B91C0C0094AFAF /* Frameworks */,
			);
			sourceTree = "<group>";
		};
		FA7CEDE921B663990094AFAF /* Products */ = {
			isa = PBXGroup;
			children = (
				FA7CEDE821B663990094AFAF /* FileStorageServices.app */,
				FA7CEDFC21B663990094AFAF /* FileStorageServicesTests.xctest */,
				FA7CEE0721B663990094AFAF /* FileStorageServicesUITests.xctest */,
			);
			name = Products;
			sourceTree = "<group>";
		};
		FA7CEDEA21B663990094AFAF /* FileStorageServices */ = {
			isa = PBXGroup;
			children = (
				FA7CEE1F21B8F90C0094AFAF /* FileStorageServices.entitlements */,
				FA7CEDEB21B663990094AFAF /* AppDelegate.swift */,
				FA7CEE1D21B8C64D0094AFAF /* StoredFilesTableViewController.swift */,
				FA7CEE1921B8C1FE0094AFAF /* CreateFileViewController.swift */,
				FA7CEDEF21B663990094AFAF /* Main.storyboard */,
				FA7CEDF221B663990094AFAF /* Assets.xcassets */,
				FA7CEDF421B663990094AFAF /* LaunchScreen.storyboard */,
				FA7CEDF721B663990094AFAF /* Info.plist */,
			);
			path = FileStorageServices;
			sourceTree = "<group>";
		};
		FA7CEDFF21B663990094AFAF /* FileStorageServicesTests */ = {
			isa = PBXGroup;
			children = (
				FA7CEE0021B663990094AFAF /* FileStorageServicesTests.swift */,
				FA7CEE0221B663990094AFAF /* Info.plist */,
			);
			path = FileStorageServicesTests;
			sourceTree = "<group>";
		};
		FA7CEE0A21B663990094AFAF /* FileStorageServicesUITests */ = {
			isa = PBXGroup;
			children = (
				FA7CEE0B21B663990094AFAF /* FileStorageServicesUITests.swift */,
				FA7CEE0D21B663990094AFAF /* Info.plist */,
			);
			path = FileStorageServicesUITests;
			sourceTree = "<group>";
		};
		FA7CEE2021B91C0C0094AFAF /* Frameworks */ = {
			isa = PBXGroup;
			children = (
				FA7CEE2121B91C0C0094AFAF /* CloudKit.framework */,
			);
			name = Frameworks;
			sourceTree = "<group>";
		};
/* End PBXGroup section */

/* Begin PBXNativeTarget section */
		FA7CEDE721B663990094AFAF /* FileStorageServices */ = {
			isa = PBXNativeTarget;
			buildConfigurationList = FA7CEE1021B663990094AFAF /* Build configuration list for PBXNativeTarget "FileStorageServices" */;
			buildPhases = (
				FA7CEDE421B663990094AFAF /* Sources */,
				FA7CEDE521B663990094AFAF /* Frameworks */,
				FA7CEDE621B663990094AFAF /* Resources */,
			);
			buildRules = (
			);
			dependencies = (
			);
			name = FileStorageServices;
			productName = FileStorageServices;
			productReference = FA7CEDE821B663990094AFAF /* FileStorageServices.app */;
			productType = "com.apple.product-type.application";
		};
		FA7CEDFB21B663990094AFAF /* FileStorageServicesTests */ = {
			isa = PBXNativeTarget;
			buildConfigurationList = FA7CEE1321B663990094AFAF /* Build configuration list for PBXNativeTarget "FileStorageServicesTests" */;
			buildPhases = (
				FA7CEDF821B663990094AFAF /* Sources */,
				FA7CEDF921B663990094AFAF /* Frameworks */,
				FA7CEDFA21B663990094AFAF /* Resources */,
			);
			buildRules = (
			);
			dependencies = (
				FA7CEDFE21B663990094AFAF /* PBXTargetDependency */,
			);
			name = FileStorageServicesTests;
			productName = FileStorageServicesTests;
			productReference = FA7CEDFC21B663990094AFAF /* FileStorageServicesTests.xctest */;
			productType = "com.apple.product-type.bundle.unit-test";
		};
		FA7CEE0621B663990094AFAF /* FileStorageServicesUITests */ = {
			isa = PBXNativeTarget;
			buildConfigurationList = FA7CEE1621B663990094AFAF /* Build configuration list for PBXNativeTarget "FileStorageServicesUITests" */;
			buildPhases = (
				FA7CEE0321B663990094AFAF /* Sources */,
				FA7CEE0421B663990094AFAF /* Frameworks */,
				FA7CEE0521B663990094AFAF /* Resources */,
			);
			buildRules = (
			);
			dependencies = (
				FA7CEE0921B663990094AFAF /* PBXTargetDependency */,
			);
			name = FileStorageServicesUITests;
			productName = FileStorageServicesUITests;
			productReference = FA7CEE0721B663990094AFAF /* FileStorageServicesUITests.xctest */;
			productType = "com.apple.product-type.bundle.ui-testing";
		};
/* End PBXNativeTarget section */

/* Begin PBXProject section */
		FA7CEDE021B663990094AFAF /* Project object */ = {
			isa = PBXProject;
			attributes = {
				LastSwiftUpdateCheck = 1010;
				LastUpgradeCheck = 1010;
				ORGANIZATIONNAME = "Kelly Galakatos";
				TargetAttributes = {
					FA7CEDE721B663990094AFAF = {
						CreatedOnToolsVersion = 10.1;
						SystemCapabilities = {
							com.apple.Push = {
								enabled = 1;
							};
							com.apple.iCloud = {
								enabled = 1;
							};
						};
					};
					FA7CEDFB21B663990094AFAF = {
						CreatedOnToolsVersion = 10.1;
						TestTargetID = FA7CEDE721B663990094AFAF;
					};
					FA7CEE0621B663990094AFAF = {
						CreatedOnToolsVersion = 10.1;
						TestTargetID = FA7CEDE721B663990094AFAF;
					};
				};
			};
			buildConfigurationList = FA7CEDE321B663990094AFAF /* Build configuration list for PBXProject "FileStorageServices" */;
			compatibilityVersion = "Xcode 9.3";
			developmentRegion = en;
			hasScannedForEncodings = 0;
			knownRegions = (
				en,
				Base,
			);
			mainGroup = FA7CEDDF21B663990094AFAF;
			productRefGroup = FA7CEDE921B663990094AFAF /* Products */;
			projectDirPath = "";
			projectRoot = "";
			targets = (
				FA7CEDE721B663990094AFAF /* FileStorageServices */,
				FA7CEDFB21B663990094AFAF /* FileStorageServicesTests */,
				FA7CEE0621B663990094AFAF /* FileStorageServicesUITests */,
			);
		};
/* End PBXProject section */

/* Begin PBXResourcesBuildPhase section */
		FA7CEDE621B663990094AFAF /* Resources */ = {
			isa = PBXResourcesBuildPhase;
			buildActionMask = 2147483647;
			files = (
				FA7CEDF621B663990094AFAF /* LaunchScreen.storyboard in Resources */,
				FA7CEDF321B663990094AFAF /* Assets.xcassets in Resources */,
				FA7CEDF121B663990094AFAF /* Main.storyboard in Resources */,
			);
			runOnlyForDeploymentPostprocessing = 0;
		};
		FA7CEDFA21B663990094AFAF /* Resources */ = {
			isa = PBXResourcesBuildPhase;
			buildActionMask = 2147483647;
			files = (
			);
			runOnlyForDeploymentPostprocessing = 0;
		};
		FA7CEE0521B663990094AFAF /* Resources */ = {
			isa = PBXResourcesBuildPhase;
			buildActionMask = 2147483647;
			files = (
			);
			runOnlyForDeploymentPostprocessing = 0;
		};
/* End PBXResourcesBuildPhase section */

/* Begin PBXSourcesBuildPhase section */
		FA7CEDE421B663990094AFAF /* Sources */ = {
			isa = PBXSourcesBuildPhase;
			buildActionMask = 2147483647;
			files = (
				FA7CEE1A21B8C1FE0094AFAF /* CreateFileViewController.swift in Sources */,
				FA7CEE1E21B8C64D0094AFAF /* StoredFilesTableViewController.swift in Sources */,
				FA7CEDEC21B663990094AFAF /* AppDelegate.swift in Sources */,
			);
			runOnlyForDeploymentPostprocessing = 0;
		};
		FA7CEDF821B663990094AFAF /* Sources */ = {
			isa = PBXSourcesBuildPhase;
			buildActionMask = 2147483647;
			files = (
				FA7CEE0121B663990094AFAF /* FileStorageServicesTests.swift in Sources */,
			);
			runOnlyForDeploymentPostprocessing = 0;
		};
		FA7CEE0321B663990094AFAF /* Sources */ = {
			isa = PBXSourcesBuildPhase;
			buildActionMask = 2147483647;
			files = (
				FA7CEE0C21B663990094AFAF /* FileStorageServicesUITests.swift in Sources */,
			);
			runOnlyForDeploymentPostprocessing = 0;
		};
/* End PBXSourcesBuildPhase section */

/* Begin PBXTargetDependency section */
		FA7CEDFE21B663990094AFAF /* PBXTargetDependency */ = {
			isa = PBXTargetDependency;
			target = FA7CEDE721B663990094AFAF /* FileStorageServices */;
			targetProxy = FA7CEDFD21B663990094AFAF /* PBXContainerItemProxy */;
		};
		FA7CEE0921B663990094AFAF /* PBXTargetDependency */ = {
			isa = PBXTargetDependency;
			target = FA7CEDE721B663990094AFAF /* FileStorageServices */;
			targetProxy = FA7CEE0821B663990094AFAF /* PBXContainerItemProxy */;
		};
/* End PBXTargetDependency section */

/* Begin PBXVariantGroup section */
		FA7CEDEF21B663990094AFAF /* Main.storyboard */ = {
			isa = PBXVariantGroup;
			children = (
				FA7CEDF021B663990094AFAF /* Base */,
			);
			name = Main.storyboard;
			sourceTree = "<group>";
		};
		FA7CEDF421B663990094AFAF /* LaunchScreen.storyboard */ = {
			isa = PBXVariantGroup;
			children = (
				FA7CEDF521B663990094AFAF /* Base */,
			);
			name = LaunchScreen.storyboard;
			sourceTree = "<group>";
		};
/* End PBXVariantGroup section */

/* Begin XCBuildConfiguration section */
		FA7CEE0E21B663990094AFAF /* Debug */ = {
			isa = XCBuildConfiguration;
			buildSettings = {
				ALWAYS_SEARCH_USER_PATHS = NO;
				CLANG_ANALYZER_NONNULL = YES;
				CLANG_ANALYZER_NUMBER_OBJECT_CONVERSION = YES_AGGRESSIVE;
				CLANG_CXX_LANGUAGE_STANDARD = "gnu++14";
				CLANG_CXX_LIBRARY = "libc++";
				CLANG_ENABLE_MODULES = YES;
				CLANG_ENABLE_OBJC_ARC = YES;
				CLANG_ENABLE_OBJC_WEAK = YES;
				CLANG_WARN_BLOCK_CAPTURE_AUTORELEASING = YES;
				CLANG_WARN_BOOL_CONVERSION = YES;
				CLANG_WARN_COMMA = YES;
				CLANG_WARN_CONSTANT_CONVERSION = YES;
				CLANG_WARN_DEPRECATED_OBJC_IMPLEMENTATIONS = YES;
				CLANG_WARN_DIRECT_OBJC_ISA_USAGE = YES_ERROR;
				CLANG_WARN_DOCUMENTATION_COMMENTS = YES;
				CLANG_WARN_EMPTY_BODY = YES;
				CLANG_WARN_ENUM_CONVERSION = YES;
				CLANG_WARN_INFINITE_RECURSION = YES;
				CLANG_WARN_INT_CONVERSION = YES;
				CLANG_WARN_NON_LITERAL_NULL_CONVERSION = YES;
				CLANG_WARN_OBJC_IMPLICIT_RETAIN_SELF = YES;
				CLANG_WARN_OBJC_LITERAL_CONVERSION = YES;
				CLANG_WARN_OBJC_ROOT_CLASS = YES_ERROR;
				CLANG_WARN_RANGE_LOOP_ANALYSIS = YES;
				CLANG_WARN_STRICT_PROTOTYPES = YES;
				CLANG_WARN_SUSPICIOUS_MOVE = YES;
				CLANG_WARN_UNGUARDED_AVAILABILITY = YES_AGGRESSIVE;
				CLANG_WARN_UNREACHABLE_CODE = YES;
				CLANG_WARN__DUPLICATE_METHOD_MATCH = YES;
				CODE_SIGN_IDENTITY = "iPhone Developer";
				COPY_PHASE_STRIP = NO;
				DEBUG_INFORMATION_FORMAT = dwarf;
				ENABLE_STRICT_OBJC_MSGSEND = YES;
				ENABLE_TESTABILITY = YES;
				GCC_C_LANGUAGE_STANDARD = gnu11;
				GCC_DYNAMIC_NO_PIC = NO;
				GCC_NO_COMMON_BLOCKS = YES;
				GCC_OPTIMIZATION_LEVEL = 0;
				GCC_PREPROCESSOR_DEFINITIONS = (
					"DEBUG=1",
					"$(inherited)",
				);
				GCC_WARN_64_TO_32_BIT_CONVERSION = YES;
				GCC_WARN_ABOUT_RETURN_TYPE = YES_ERROR;
				GCC_WARN_UNDECLARED_SELECTOR = YES;
				GCC_WARN_UNINITIALIZED_AUTOS = YES_AGGRESSIVE;
				GCC_WARN_UNUSED_FUNCTION = YES;
				GCC_WARN_UNUSED_VARIABLE = YES;
				IPHONEOS_DEPLOYMENT_TARGET = 12.1;
				MTL_ENABLE_DEBUG_INFO = INCLUDE_SOURCE;
				MTL_FAST_MATH = YES;
				ONLY_ACTIVE_ARCH = YES;
				SDKROOT = iphoneos;
				SWIFT_ACTIVE_COMPILATION_CONDITIONS = DEBUG;
				SWIFT_OPTIMIZATION_LEVEL = "-Onone";
			};
			name = Debug;
		};
		FA7CEE0F21B663990094AFAF /* Release */ = {
			isa = XCBuildConfiguration;
			buildSettings = {
				ALWAYS_SEARCH_USER_PATHS = NO;
				CLANG_ANALYZER_NONNULL = YES;
				CLANG_ANALYZER_NUMBER_OBJECT_CONVERSION = YES_AGGRESSIVE;
				CLANG_CXX_LANGUAGE_STANDARD = "gnu++14";
				CLANG_CXX_LIBRARY = "libc++";
				CLANG_ENABLE_MODULES = YES;
				CLANG_ENABLE_OBJC_ARC = YES;
				CLANG_ENABLE_OBJC_WEAK = YES;
				CLANG_WARN_BLOCK_CAPTURE_AUTORELEASING = YES;
				CLANG_WARN_BOOL_CONVERSION = YES;
				CLANG_WARN_COMMA = YES;
				CLANG_WARN_CONSTANT_CONVERSION = YES;
				CLANG_WARN_DEPRECATED_OBJC_IMPLEMENTATIONS = YES;
				CLANG_WARN_DIRECT_OBJC_ISA_USAGE = YES_ERROR;
				CLANG_WARN_DOCUMENTATION_COMMENTS = YES;
				CLANG_WARN_EMPTY_BODY = YES;
				CLANG_WARN_ENUM_CONVERSION = YES;
				CLANG_WARN_INFINITE_RECURSION = YES;
				CLANG_WARN_INT_CONVERSION = YES;
				CLANG_WARN_NON_LITERAL_NULL_CONVERSION = YES;
				CLANG_WARN_OBJC_IMPLICIT_RETAIN_SELF = YES;
				CLANG_WARN_OBJC_LITERAL_CONVERSION = YES;
				CLANG_WARN_OBJC_ROOT_CLASS = YES_ERROR;
				CLANG_WARN_RANGE_LOOP_ANALYSIS = YES;
				CLANG_WARN_STRICT_PROTOTYPES = YES;
				CLANG_WARN_SUSPICIOUS_MOVE = YES;
				CLANG_WARN_UNGUARDED_AVAILABILITY = YES_AGGRESSIVE;
				CLANG_WARN_UNREACHABLE_CODE = YES;
				CLANG_WARN__DUPLICATE_METHOD_MATCH = YES;
				CODE_SIGN_IDENTITY = "iPhone Developer";
				COPY_PHASE_STRIP = NO;
				DEBUG_INFORMATION_FORMAT = "dwarf-with-dsym";
				ENABLE_NS_ASSERTIONS = NO;
				ENABLE_STRICT_OBJC_MSGSEND = YES;
				GCC_C_LANGUAGE_STANDARD = gnu11;
				GCC_NO_COMMON_BLOCKS = YES;
				GCC_WARN_64_TO_32_BIT_CONVERSION = YES;
				GCC_WARN_ABOUT_RETURN_TYPE = YES_ERROR;
				GCC_WARN_UNDECLARED_SELECTOR = YES;
				GCC_WARN_UNINITIALIZED_AUTOS = YES_AGGRESSIVE;
				GCC_WARN_UNUSED_FUNCTION = YES;
				GCC_WARN_UNUSED_VARIABLE = YES;
				IPHONEOS_DEPLOYMENT_TARGET = 12.1;
				MTL_ENABLE_DEBUG_INFO = NO;
				MTL_FAST_MATH = YES;
				SDKROOT = iphoneos;
				SWIFT_COMPILATION_MODE = wholemodule;
				SWIFT_OPTIMIZATION_LEVEL = "-O";
				VALIDATE_PRODUCT = YES;
			};
			name = Release;
		};
		FA7CEE1121B663990094AFAF /* Debug */ = {
			isa = XCBuildConfiguration;
			buildSettings = {
				ASSETCATALOG_COMPILER_APPICON_NAME = AppIcon;
				CODE_SIGN_ENTITLEMENTS = FileStorageServices/FileStorageServices.entitlements;
				CODE_SIGN_STYLE = Automatic;
				DEVELOPMENT_TEAM = MNP43MUW9S;
				INFOPLIST_FILE = FileStorageServices/Info.plist;
				LD_RUNPATH_SEARCH_PATHS = (
					"$(inherited)",
					"@executable_path/Frameworks",
				);
				PRODUCT_BUNDLE_IDENTIFIER = kelly.galakatos.FileStorageServices;
				PRODUCT_NAME = "$(TARGET_NAME)";
				SWIFT_VERSION = 4.2;
				TARGETED_DEVICE_FAMILY = "1,2";
			};
			name = Debug;
		};
		FA7CEE1221B663990094AFAF /* Release */ = {
			isa = XCBuildConfiguration;
			buildSettings = {
				ASSETCATALOG_COMPILER_APPICON_NAME = AppIcon;
				CODE_SIGN_ENTITLEMENTS = FileStorageServices/FileStorageServices.entitlements;
				CODE_SIGN_STYLE = Automatic;
				DEVELOPMENT_TEAM = MNP43MUW9S;
				INFOPLIST_FILE = FileStorageServices/Info.plist;
				LD_RUNPATH_SEARCH_PATHS = (
					"$(inherited)",
					"@executable_path/Frameworks",
				);
				PRODUCT_BUNDLE_IDENTIFIER = kelly.galakatos.FileStorageServices;
				PRODUCT_NAME = "$(TARGET_NAME)";
				SWIFT_VERSION = 4.2;
				TARGETED_DEVICE_FAMILY = "1,2";
			};
			name = Release;
		};
		FA7CEE1421B663990094AFAF /* Debug */ = {
			isa = XCBuildConfiguration;
			buildSettings = {
				ALWAYS_EMBED_SWIFT_STANDARD_LIBRARIES = YES;
				BUNDLE_LOADER = "$(TEST_HOST)";
				CODE_SIGN_STYLE = Automatic;
				DEVELOPMENT_TEAM = MNP43MUW9S;
				INFOPLIST_FILE = FileStorageServicesTests/Info.plist;
				LD_RUNPATH_SEARCH_PATHS = (
					"$(inherited)",
					"@executable_path/Frameworks",
					"@loader_path/Frameworks",
				);
				PRODUCT_BUNDLE_IDENTIFIER = kelly.galakatos.FileStorageServicesTests;
				PRODUCT_NAME = "$(TARGET_NAME)";
				SWIFT_VERSION = 4.2;
				TARGETED_DEVICE_FAMILY = "1,2";
				TEST_HOST = "$(BUILT_PRODUCTS_DIR)/FileStorageServices.app/FileStorageServices";
			};
			name = Debug;
		};
		FA7CEE1521B663990094AFAF /* Release */ = {
			isa = XCBuildConfiguration;
			buildSettings = {
				ALWAYS_EMBED_SWIFT_STANDARD_LIBRARIES = YES;
				BUNDLE_LOADER = "$(TEST_HOST)";
				CODE_SIGN_STYLE = Automatic;
				DEVELOPMENT_TEAM = MNP43MUW9S;
				INFOPLIST_FILE = FileStorageServicesTests/Info.plist;
				LD_RUNPATH_SEARCH_PATHS = (
					"$(inherited)",
					"@executable_path/Frameworks",
					"@loader_path/Frameworks",
				);
				PRODUCT_BUNDLE_IDENTIFIER = kelly.galakatos.FileStorageServicesTests;
				PRODUCT_NAME = "$(TARGET_NAME)";
				SWIFT_VERSION = 4.2;
				TARGETED_DEVICE_FAMILY = "1,2";
				TEST_HOST = "$(BUILT_PRODUCTS_DIR)/FileStorageServices.app/FileStorageServices";
			};
			name = Release;
		};
		FA7CEE1721B663990094AFAF /* Debug */ = {
			isa = XCBuildConfiguration;
			buildSettings = {
				ALWAYS_EMBED_SWIFT_STANDARD_LIBRARIES = YES;
				CODE_SIGN_STYLE = Automatic;
				DEVELOPMENT_TEAM = MNP43MUW9S;
				INFOPLIST_FILE = FileStorageServicesUITests/Info.plist;
				LD_RUNPATH_SEARCH_PATHS = (
					"$(inherited)",
					"@executable_path/Frameworks",
					"@loader_path/Frameworks",
				);
				PRODUCT_BUNDLE_IDENTIFIER = kelly.galakatos.FileStorageServicesUITests;
				PRODUCT_NAME = "$(TARGET_NAME)";
				SWIFT_VERSION = 4.2;
				TARGETED_DEVICE_FAMILY = "1,2";
				TEST_TARGET_NAME = FileStorageServices;
			};
			name = Debug;
		};
		FA7CEE1821B663990094AFAF /* Release */ = {
			isa = XCBuildConfiguration;
			buildSettings = {
				ALWAYS_EMBED_SWIFT_STANDARD_LIBRARIES = YES;
				CODE_SIGN_STYLE = Automatic;
				DEVELOPMENT_TEAM = MNP43MUW9S;
				INFOPLIST_FILE = FileStorageServicesUITests/Info.plist;
				LD_RUNPATH_SEARCH_PATHS = (
					"$(inherited)",
					"@executable_path/Frameworks",
					"@loader_path/Frameworks",
				);
				PRODUCT_BUNDLE_IDENTIFIER = kelly.galakatos.FileStorageServicesUITests;
				PRODUCT_NAME = "$(TARGET_NAME)";
				SWIFT_VERSION = 4.2;
				TARGETED_DEVICE_FAMILY = "1,2";
				TEST_TARGET_NAME = FileStorageServices;
			};
			name = Release;
		};
/* End XCBuildConfiguration section */

/* Begin XCConfigurationList section */
		FA7CEDE321B663990094AFAF /* Build configuration list for PBXProject "FileStorageServices" */ = {
			isa = XCConfigurationList;
			buildConfigurations = (
				FA7CEE0E21B663990094AFAF /* Debug */,
				FA7CEE0F21B663990094AFAF /* Release */,
			);
			defaultConfigurationIsVisible = 0;
			defaultConfigurationName = Release;
		};
		FA7CEE1021B663990094AFAF /* Build configuration list for PBXNativeTarget "FileStorageServices" */ = {
			isa = XCConfigurationList;
			buildConfigurations = (
				FA7CEE1121B663990094AFAF /* Debug */,
				FA7CEE1221B663990094AFAF /* Release */,
			);
			defaultConfigurationIsVisible = 0;
			defaultConfigurationName = Release;
		};
		FA7CEE1321B663990094AFAF /* Build configuration list for PBXNativeTarget "FileStorageServicesTests" */ = {
			isa = XCConfigurationList;
			buildConfigurations = (
				FA7CEE1421B663990094AFAF /* Debug */,
				FA7CEE1521B663990094AFAF /* Release */,
			);
			defaultConfigurationIsVisible = 0;
			defaultConfigurationName = Release;
		};
		FA7CEE1621B663990094AFAF /* Build configuration list for PBXNativeTarget "FileStorageServicesUITests" */ = {
			isa = XCConfigurationList;
			buildConfigurations = (
				FA7CEE1721B663990094AFAF /* Debug */,
				FA7CEE1821B663990094AFAF /* Release */,
			);
			defaultConfigurationIsVisible = 0;
			defaultConfigurationName = Release;
		};
/* End XCConfigurationList section */
	};
	rootObject = FA7CEDE021B663990094AFAF /* Project object */;
}
